{
    "_readme": [
        "This file locks the dependencies of your project to a known state",
        "Read more about it at https://getcomposer.org/doc/01-basic-usage.md#composer-lock-the-lock-file",
        "This file is @generated automatically"
    ],
    "hash": "3e3dd1211c8d17627be081c47d22602f",
    "content-hash": "6b0af386125926ec8becb49f4b554ac9",
    "packages": [
        {
            "name": "altorouter/altorouter",
            "version": "v1.2.0",
            "source": {
                "type": "git",
                "url": "https://github.com/dannyvankooten/AltoRouter.git",
                "reference": "39c50092470128c12284d332bb57f306bb5b58e4"
            },
            "dist": {
                "type": "zip",
                "url": "https://api.github.com/repos/dannyvankooten/AltoRouter/zipball/39c50092470128c12284d332bb57f306bb5b58e4",
                "reference": "39c50092470128c12284d332bb57f306bb5b58e4",
                "shasum": ""
            },
            "require": {
                "php": ">=5.3.0"
            },
            "require-dev": {
                "codeclimate/php-test-reporter": "dev-master",
                "phpunit/phpunit": "4.5.*"
            },
            "type": "library",
            "autoload": {
                "classmap": [
                    "AltoRouter.php"
                ]
            },
            "notification-url": "https://packagist.org/downloads/",
            "license": [
                "MIT"
            ],
            "authors": [
                {
                    "name": "Danny van Kooten",
                    "email": "dannyvankooten@gmail.com",
                    "homepage": "http://dannyvankooten.com/"
                },
                {
                    "name": "Koen Punt",
                    "homepage": "https://github.com/koenpunt"
                },
                {
                    "name": "niahoo",
                    "homepage": "https://github.com/niahoo"
                }
            ],
            "description": "A lightning fast router for PHP",
            "homepage": "https://github.com/dannyvankooten/AltoRouter",
            "keywords": [
                "lightweight",
                "router",
                "routing"
            ],
            "support": {
                "issues": "https://github.com/dannyvankooten/AltoRouter/issues",
                "source": "https://github.com/dannyvankooten/AltoRouter/tree/master"
            },
            "time": "2015-11-30 00:47:43"
        },
        {
            "name": "emarref/jwt",
            "version": "1.0.3",
            "source": {
                "type": "git",
                "url": "https://github.com/emarref/jwt.git",
                "reference": "79f563750ff90dabd4fa677c4b4e5ec9ed52d9b4"
            },
            "dist": {
                "type": "zip",
                "url": "https://api.github.com/repos/emarref/jwt/zipball/79f563750ff90dabd4fa677c4b4e5ec9ed52d9b4",
                "reference": "79f563750ff90dabd4fa677c4b4e5ec9ed52d9b4",
                "shasum": ""
            },
            "require": {
                "php": ">=5.4"
            },
            "require-dev": {
                "phpunit/phpunit": "*"
            },
            "suggest": {
                "ext-openssl": "Enables more token encryption options"
            },
            "type": "library",
            "autoload": {
                "psr-4": {
                    "Emarref\\Jwt\\": "src/"
                }
            },
            "notification-url": "https://packagist.org/downloads/",
            "license": [
                "MIT"
            ],
            "authors": [
                {
                    "name": "Malcolm Fell",
                    "email": "emarref@gmail.com"
                }
            ],
            "description": "A JWT implementation",
            "support": {
                "issues": "https://github.com/emarref/jwt/issues",
                "source": "https://github.com/emarref/jwt/tree/master"
            },
            "time": "2016-09-05 20:33:06"
        },
        {
            "name": "euroglas/authKey",
            "version": "dev-main",
            "dist": {
                "type": "path",
                "url": "../authKey",
                "reference": "365ea0e0e4cb7e8ad66c93f5290166220019f322",
                "shasum": null
            },
            "require": {
                "emarref/jwt": "^1.0.3"
            },
            "type": "library",
            "autoload": {
                "psr-4": {
                    "euroglas\\authKey\\": "src/"
                }
            },
            "license": [
                "agpl-3.0"
            ],
            "authors": [
                {
                    "name": "Octavio Galindo",
                    "email": "Octavio@euroglas.net",
                    "role": "Developer"
                }
            ],
            "description": "Modulo de autenticación usando Llaves, para EUROGLAS",
            "homepage": "http://euroglas.net",
            "keywords": [
                "auth",
                "euroglas",
                "rest"
            ],
            "transport-options": {
                "symlink": true,
                "relative": true
            }
        },
        {
            "name": "euroglas/dbaccess",
            "version": "dev-main",
            "dist": {
                "type": "path",
                "url": "../dbaccess",
                "reference": "64dd17381f8051e86a2de64690df98e2ae4598c7",
                "shasum": null
            },
            "type": "library",
            "autoload": {
                "psr-4": {
                    "euroglas\\dbaccess\\": "src/"
                }
            },
            "license": [
                "agpl-3.0"
            ],
            "authors": [
                {
                    "name": "Octavio Galindo",
                    "email": "Octavio@euroglas.net",
                    "role": "Developer"
                }
            ],
            "description": "Acceso a la Base de Datos, para EUROGLAS",
            "homepage": "http://euroglas.net",
            "keywords": [
                "db",
                "euroglas"
            ],
            "transport-options": {
                "symlink": true
            }
        },
        {
            "name": "euroglas/eurorest",
            "version": "dev-main",
            "dist": {
                "type": "path",
                "url": "../eurorest",
                "reference": "4222ee150e5e3cd31a1c02ce05e1289926b5f5d2",
                "shasum": null
            },
            "require": {
                "altorouter/altorouter": "^1.1.0",
                "emarref/jwt": "^1.0.3"
            },
            "type": "library",
            "autoload": {
                "psr-4": {
                    "euroglas\\eurorest\\": "src/"
                }
            },
            "license": [
                "MIT"
            ],
            "authors": [
                {
                    "name": "Octavio Galindo",
                    "email": "Octavio@euroglas.net",
                    "role": "Developer"
                }
            ],
            "description": "Servidor REST para EUROGLAS",
            "homepage": "http://euroglas.net",
            "keywords": [
                "euroglas",
                "rest",
                "server"
            ],
            "transport-options": {
                "symlink": true,
                "relative": true
            }
        },
        {
            "name": "euroglas/facturaenvios",
            "version": "dev-main",
            "dist": {
                "type": "path",
                "url": "../facturaenvios",
                "reference": "f671a13486e35f5ef6c248b56769e819ad024360",
                "shasum": null
            },
            "require": {
                "euroglas/dbaccess": "@dev",
                "euroglas/pedidos": "@dev"
            },
            "type": "library",
            "autoload": {
                "psr-4": {
                    "euroglas\\facturaenvios\\": "src/"
                }
            },
            "license": [
                "agpl-3.0"
            ],
            "authors": [
                {
                    "name": "Juan Pablo Soriano",
                    "email": "juanpablo.soriano@euroglas.net",
                    "role": "Developer"
                }
            ],
            "description": "Modulo de facturaenvios, para EUROGLAS",
            "homepage": "http://euroglas.net",
            "keywords": [
                "euroglas",
                "facturaenvios",
                "rest"
            ],
            "transport-options": {
                "symlink": true
            }
        },
        {
            "name": "euroglas/pedidos",
            "version": "dev-main",
            "dist": {
                "type": "path",
                "url": "../pedidos",
                "reference": "4f0e6ac3fccfc486355c0de2e83be801b018aa23",
                "shasum": null
            },
            "require": {
                "euroglas/dbaccess": "@dev"
            },
            "type": "library",
            "autoload": {
                "psr-4": {
                    "euroglas\\pedidos\\": "src/"
                }
            },
            "license": [
                "agpl-3.0"
            ],
            "authors": [
                {
                    "name": "Octavio Galindo",
                    "email": "Octavio@euroglas.net",
                    "role": "Developer"
                }
            ],
            "description": "Modulo de pedidos, para EUROGLAS",
            "homepage": "http://euroglas.net",
            "keywords": [
                "euroglas",
                "pedidos",
                "rest"
            ],
            "transport-options": {
                "symlink": true
            }
        }
    ],
    "packages-dev": [],
    "aliases": [],
    "minimum-stability": "dev",
    "stability-flags": {
        "euroglas/eurorest": 20,
        "euroglas/authkey": 20,
        "euroglas/pedidos": 20,
        "euroglas/facturaenvios": 20
    },
    "prefer-stable": false,
    "prefer-lowest": false,
    "platform": [],
    "platform-dev": []
}
